
Microsoft Visual Studio Solution File, Format Version 12.00
# Visual Studio 15
VisualStudioVersion = 15.0.27130.2036
MinimumVisualStudioVersion = 10.0.40219.1
Project("{FAE04EC0-301F-11D3-BF4B-00C04F79EFBC}") = "Interactive Dictionary", "Interactive Dictionary\Interactive Dictionary.csproj", "{4075B591-117A-4283-BDD1-6C0E848CC9DF}"
EndProject
Global
	GlobalSection(SolutionConfigurationPlatforms) = preSolution
		Debug|Any CPU = Debug|Any CPU
		Release|Any CPU = Release|Any CPU
	EndGlobalSection
	GlobalSection(ProjectConfigurationPlatforms) = postSolution
		{4075B591-117A-4283-BDD1-6C0E848CC9DF}.Debug|Any CPU.ActiveCfg = Debug|Any CPU
		{4075B591-117A-4283-BDD1-6C0E848CC9DF}.Debug|Any CPU.Build.0 = Debug|Any CPU
		{4075B591-117A-4283-BDD1-6C0E848CC9DF}.Debug|Any CPU.Deploy.0 = Debug|Any CPU
		{4075B591-117A-4283-BDD1-6C0E848CC9DF}.Release|Any CPU.ActiveCfg = Release|Any CPU
		{4075B591-117A-4283-BDD1-6C0E848CC9DF}.Release|Any CPU.Build.0 = Release|Any CPU
		{4075B591-117A-4283-BDD1-6C0E848CC9DF}.Release|Any CPU.Deploy.0 = Release|Any CPU
	EndGlobalSection
	GlobalSection(SolutionProperties) = preSolution
		HideSolutionNode = FALSE
	EndGlobalSection
	GlobalSection(ExtensibilityGlobals) = postSolution
		SolutionGuid = {035411D5-AF2A-45B7-A339-2AB0A477DFAD}
	EndGlobalSection
EndGlobal
